// !$*UTF8*$!
{
	archiveVersion = 1;
	classes = {
	};
	objectVersion = 46;
	objects = {

/* Begin PBXBuildFile section */
		A26C9CA4B7835CD001FDBB45 /* Pods_TiffinService.framework in Frameworks */ = {isa = PBXBuildFile; fileRef = EF41248F0F8383C752FB3BB0 /* Pods_TiffinService.framework */; };
		E52C60DF1EA9908D0029D64F /* AppDelegate.swift in Sources */ = {isa = PBXBuildFile; fileRef = E52C60DE1EA9908D0029D64F /* AppDelegate.swift */; };
		E52C60E11EA9908D0029D64F /* ViewController.swift in Sources */ = {isa = PBXBuildFile; fileRef = E52C60E01EA9908D0029D64F /* ViewController.swift */; };
		E52C60E41EA9908D0029D64F /* Main.storyboard in Resources */ = {isa = PBXBuildFile; fileRef = E52C60E21EA9908D0029D64F /* Main.storyboard */; };
		E52C60E61EA9908D0029D64F /* Assets.xcassets in Resources */ = {isa = PBXBuildFile; fileRef = E52C60E51EA9908D0029D64F /* Assets.xcassets */; };
		E52C60E91EA9908D0029D64F /* LaunchScreen.storyboard in Resources */ = {isa = PBXBuildFile; fileRef = E52C60E71EA9908D0029D64F /* LaunchScreen.storyboard */; };
		E52C60F11EA994910029D64F /* GoogleService-Info.plist in Resources */ = {isa = PBXBuildFile; fileRef = E52C60F01EA994910029D64F /* GoogleService-Info.plist */; };
/* End PBXBuildFile section */

/* Begin PBXFileReference section */
		01C03297F72D810513E20186 /* Pods-TiffinService.debug.xcconfig */ = {isa = PBXFileReference; includeInIndex = 1; lastKnownFileType = text.xcconfig; name = "Pods-TiffinService.debug.xcconfig"; path = "Pods/Target Support Files/Pods-TiffinService/Pods-TiffinService.debug.xcconfig"; sourceTree = "<group>"; };
		908F39AA6ED68C95442A30BA /* Pods-TiffinService.release.xcconfig */ = {isa = PBXFileReference; includeInIndex = 1; lastKnownFileType = text.xcconfig; name = "Pods-TiffinService.release.xcconfig"; path = "Pods/Target Support Files/Pods-TiffinService/Pods-TiffinService.release.xcconfig"; sourceTree = "<group>"; };
		E52C60DB1EA9908D0029D64F /* TiffinService.app */ = {isa = PBXFileReference; explicitFileType = wrapper.application; includeInIndex = 0; path = TiffinService.app; sourceTree = BUILT_PRODUCTS_DIR; };
		E52C60DE1EA9908D0029D64F /* AppDelegate.swift */ = {isa = PBXFileReference; lastKnownFileType = sourcecode.swift; path = AppDelegate.swift; sourceTree = "<group>"; };
		E52C60E01EA9908D0029D64F /* ViewController.swift */ = {isa = PBXFileReference; lastKnownFileType = sourcecode.swift; path = ViewController.swift; sourceTree = "<group>"; };
		E52C60E31EA9908D0029D64F /* Base */ = {isa = PBXFileReference; lastKnownFileType = file.storyboard; name = Base; path = Base.lproj/Main.storyboard; sourceTree = "<group>"; };
		E52C60E51EA9908D0029D64F /* Assets.xcassets */ = {isa = PBXFileReference; lastKnownFileType = folder.assetcatalog; path = Assets.xcassets; sourceTree = "<group>"; };
		E52C60E81EA9908D0029D64F /* Base */ = {isa = PBXFileReference; lastKnownFileType = file.storyboard; name = Base; path = Base.lproj/LaunchScreen.storyboard; sourceTree = "<group>"; };
		E52C60EA1EA9908D0029D64F /* Info.plist */ = {isa = PBXFileReference; lastKnownFileType = text.plist.xml; path = Info.plist; sourceTree = "<group>"; };
		E52C60F01EA994910029D64F /* GoogleService-Info.plist */ = {isa = PBXFileReference; fileEncoding = 4; lastKnownFileType = text.plist.xml; path = "GoogleService-Info.plist"; sourceTree = "<group>"; };
		EF41248F0F8383C752FB3BB0 /* Pods_TiffinService.framework */ = {isa = PBXFileReference; explicitFileType = wrapper.framework; includeInIndex = 0; path = Pods_TiffinService.framework; sourceTree = BUILT_PRODUCTS_DIR; };
/* End PBXFileReference section */

/* Begin PBXFrameworksBuildPhase section */
		E52C60D81EA9908D0029D64F /* Frameworks */ = {
			isa = PBXFrameworksBuildPhase;
			buildActionMask = 2147483647;
			files = (
				A26C9CA4B7835CD001FDBB45 /* Pods_TiffinService.framework in Frameworks */,
			);
			runOnlyForDeploymentPostprocessing = 0;
		};
/* End PBXFrameworksBuildPhase section */

/* Begin PBXGroup section */
		36F18E9A3368FE6604AE0E54 /* Pods */ = {
			isa = PBXGroup;
			children = (
				01C03297F72D810513E20186 /* Pods-TiffinService.debug.xcconfig */,
				908F39AA6ED68C95442A30BA /* Pods-TiffinService.release.xcconfig */,
			);
			name = Pods;
			sourceTree = "<group>";
		};
		8BD020C2A4301EC9A13AC35A /* Frameworks */ = {
			isa = PBXGroup;
			children = (
				EF41248F0F8383C752FB3BB0 /* Pods_TiffinService.framework */,
			);
			name = Frameworks;
			sourceTree = "<group>";
		};
		E52C60D21EA9908D0029D64F = {
			isa = PBXGroup;
			children = (
				E52C60DD1EA9908D0029D64F /* TiffinService */,
				E52C60DC1EA9908D0029D64F /* Products */,
				36F18E9A3368FE6604AE0E54 /* Pods */,
				8BD020C2A4301EC9A13AC35A /* Frameworks */,
			);
			sourceTree = "<group>";
		};
		E52C60DC1EA9908D0029D64F /* Products */ = {
			isa = PBXGroup;
			children = (
				E52C60DB1EA9908D0029D64F /* TiffinService.app */,
			);
			name = Products;
			sourceTree = "<group>";
		};
		E52C60DD1EA9908D0029D64F /* TiffinService */ = {
			isa = PBXGroup;
			children = (
				E52C60DE1EA9908D0029D64F /* AppDelegate.swift */,
				E52C60E01EA9908D0029D64F /* ViewController.swift */,
				E52C60E21EA9908D0029D64F /* Main.storyboard */,
				E52C60E51EA9908D0029D64F /* Assets.xcassets */,
				E52C60E71EA9908D0029D64F /* LaunchScreen.storyboard */,
				E52C60EA1EA9908D0029D64F /* Info.plist */,
				E52C60F01EA994910029D64F /* GoogleService-Info.plist */,
			);
			path = TiffinService;
			sourceTree = "<group>";
		};
/* End PBXGroup section */

/* Begin PBXNativeTarget section */
		E52C60DA1EA9908D0029D64F /* TiffinService */ = {
			isa = PBXNativeTarget;
			buildConfigurationList = E52C60ED1EA9908D0029D64F /* Build configuration list for PBXNativeTarget "TiffinService" */;
			buildPhases = (
				009D5BACD8AD0DA4A54CAB47 /* [CP] Check Pods Manifest.lock */,
				E52C60D71EA9908D0029D64F /* Sources */,
				E52C60D81EA9908D0029D64F /* Frameworks */,
				E52C60D91EA9908D0029D64F /* Resources */,
				32BBD4CB86FBC193DACA3A86 /* [CP] Embed Pods Frameworks */,
				522415ED31F8CB68795F44CF /* [CP] Copy Pods Resources */,
			);
			buildRules = (
			);
			dependencies = (
			);
			name = TiffinService;
			productName = TiffinService;
			productReference = E52C60DB1EA9908D0029D64F /* TiffinService.app */;
			productType = "com.apple.product-type.application";
		};
/* End PBXNativeTarget section */

/* Begin PBXProject section */
		E52C60D31EA9908D0029D64F /* Project object */ = {
			isa = PBXProject;
			attributes = {
				LastSwiftUpdateCheck = 0830;
				LastUpgradeCheck = 0830;
				ORGANIZATIONNAME = ghutles;
				TargetAttributes = {
					E52C60DA1EA9908D0029D64F = {
						CreatedOnToolsVersion = 8.3.2;
						ProvisioningStyle = Automatic;
					};
				};
			};
			buildConfigurationList = E52C60D61EA9908D0029D64F /* Build configuration list for PBXProject "TiffinService" */;
			compatibilityVersion = "Xcode 3.2";
			developmentRegion = English;
			hasScannedForEncodings = 0;
			knownRegions = (
				en,
				Base,
			);
			mainGroup = E52C60D21EA9908D0029D64F;
			productRefGroup = E52C60DC1EA9908D0029D64F /* Products */;
			projectDirPath = "";
			projectRoot = "";
			targets = (
				E52C60DA1EA9908D0029D64F /* TiffinService */,
			);
		};
/* End PBXProject section */

/* Begin PBXResourcesBuildPhase section */
		E52C60D91EA9908D0029D64F /* Resources */ = {
			isa = PBXResourcesBuildPhase;
			buildActionMask = 2147483647;
			files = (
				E52C60E91EA9908D0029D64F /* LaunchScreen.storyboard in Resources */,
				E52C60F11EA994910029D64F /* GoogleService-Info.plist in Resources */,
				E52C60E61EA9908D0029D64F /* Assets.xcassets in Resources */,
				E52C60E41EA9908D0029D64F /* Main.storyboard in Resources */,
			);
			runOnlyForDeploymentPostprocessing = 0;
		};
/* End PBXResourcesBuildPhase section */

/* Begin PBXShellScriptBuildPhase section */
		009D5BACD8AD0DA4A54CAB47 /* [CP] Check Pods Manifest.lock */ = {
			isa = PBXShellScriptBuildPhase;
			buildActionMask = 2147483647;
			files = (
			);
			inputPaths = (
			);
			name = "[CP] Check Pods Manifest.lock";
			outputPaths = (
			);
			runOnlyForDeploymentPostprocessing = 0;
			shellPath = /bin/sh;
			shellScript = "diff \"${PODS_PODFILE_DIR_PATH}/Podfile.lock\" \"${PODS_ROOT}/Manifest.lock\" > /dev/null\nif [ $? != 0 ] ; then\n    # print error to STDERR\n    echo \"error: The sandbox is not in sync with the Podfile.lock. Run 'pod install' or update your CocoaPods installation.\" >&2\n    exit 1\nfi\n";
			showEnvVarsInLog = 0;
		};
		32BBD4CB86FBC193DACA3A86 /* [CP] Embed Pods Frameworks */ = {
			isa = PBXShellScriptBuildPhase;
			buildActionMask = 2147483647;
			files = (
			);
			inputPaths = (
			);
			name = "[CP] Embed Pods Frameworks";
			outputPaths = (
			);
			runOnlyForDeploymentPostprocessing = 0;
			shellPath = /bin/sh;
			shellScript = "\"${SRCROOT}/Pods/Target Support Files/Pods-TiffinService/Pods-TiffinService-frameworks.sh\"\n";
			showEnvVarsInLog = 0;
		};
		522415ED31F8CB68795F44CF /* [CP] Copy Pods Resources */ = {
			isa = PBXShellScriptBuildPhase;
			buildActionMask = 2147483647;
			files = (
			);
			inputPaths = (
			);
			name = "[CP] Copy Pods Resources";
			outputPaths = (
			);
			runOnlyForDeploymentPostprocessing = 0;
			shellPath = /bin/sh;
			shellScript = "\"${SRCROOT}/Pods/Target Support Files/Pods-TiffinService/Pods-TiffinService-resources.sh\"\n";
			showEnvVarsInLog = 0;
		};
/* End PBXShellScriptBuildPhase section */

/* Begin PBXSourcesBuildPhase section */
		E52C60D71EA9908D0029D64F /* Sources */ = {
			isa = PBXSourcesBuildPhase;
			buildActionMask = 2147483647;
			files = (
				E52C60E11EA9908D0029D64F /* ViewController.swift in Sources */,
				E52C60DF1EA9908D0029D64F /* AppDelegate.swift in Sources */,
			);
			runOnlyForDeploymentPostprocessing = 0;
		};
/* End PBXSourcesBuildPhase section */

/* Begin PBXVariantGroup section */
		E52C60E21EA9908D0029D64F /* Main.storyboard */ = {
			isa = PBXVariantGroup;
			children = (
				E52C60E31EA9908D0029D64F /* Base */,
			);
			name = Main.storyboard;
			sourceTree = "<group>";
		};
		E52C60E71EA9908D0029D64F /* LaunchScreen.storyboard */ = {
			isa = PBXVariantGroup;
			children = (
				E52C60E81EA9908D0029D64F /* Base */,
			);
			name = LaunchScreen.storyboard;
			sourceTree = "<group>";
		};
/* End PBXVariantGroup section */

/* Begin XCBuildConfiguration section */
		E52C60EB1EA9908D0029D64F /* Debug */ = {
			isa = XCBuildConfiguration;
			buildSettings = {
				ALWAYS_SEARCH_USER_PATHS = NO;
				CLANG_ANALYZER_NONNULL = YES;
				CLANG_ANALYZER_NUMBER_OBJECT_CONVERSION = YES_AGGRESSIVE;
				CLANG_CXX_LANGUAGE_STANDARD = "gnu++0x";
				CLANG_CXX_LIBRARY = "libc++";
				CLANG_ENABLE_MODULES = YES;
				CLANG_ENABLE_OBJC_ARC = YES;
				CLANG_WARN_BOOL_CONVERSION = YES;
				CLANG_WARN_CONSTANT_CONVERSION = YES;
				CLANG_WARN_DIRECT_OBJC_ISA_USAGE = YES_ERROR;
				CLANG_WARN_DOCUMENTATION_COMMENTS = YES;
				CLANG_WARN_EMPTY_BODY = YES;
				CLANG_WARN_ENUM_CONVERSION = YES;
				CLANG_WARN_INFINITE_RECURSION = YES;
				CLANG_WARN_INT_CONVERSION = YES;
				CLANG_WARN_OBJC_ROOT_CLASS = YES_ERROR;
				CLANG_WARN_SUSPICIOUS_MOVE = YES;
				CLANG_WARN_UNREACHABLE_CODE = YES;
				CLANG_WARN__DUPLICATE_METHOD_MATCH = YES;
				"CODE_SIGN_IDENTITY[sdk=iphoneos*]" = "iPhone Developer";
				COPY_PHASE_STRIP = NO;
				DEBUG_INFORMATION_FORMAT = dwarf;
				ENABLE_STRICT_OBJC_MSGSEND = YES;
				ENABLE_TESTABILITY = YES;
				GCC_C_LANGUAGE_STANDARD = gnu99;
				GCC_DYNAMIC_NO_PIC = NO;
				GCC_NO_COMMON_BLOCKS = YES;
				GCC_OPTIMIZATION_LEVEL = 0;
				GCC_PREPROCESSOR_DEFINITIONS = (
					"DEBUG=1",
					"$(inherited)",
				);
				GCC_WARN_64_TO_32_BIT_CONVERSION = YES;
				GCC_WARN_ABOUT_RETURN_TYPE = YES_ERROR;
				GCC_WARN_UNDECLARED_SELECTOR = YES;
				GCC_WARN_UNINITIALIZED_AUTOS = YES_AGGRESSIVE;
				GCC_WARN_UNUSED_FUNCTION = YES;
				GCC_WARN_UNUSED_VARIABLE = YES;
				IPHONEOS_DEPLOYMENT_TARGET = 10.3;
				MTL_ENABLE_DEBUG_INFO = YES;
				ONLY_ACTIVE_ARCH = YES;
				SDKROOT = iphoneos;
				SWIFT_ACTIVE_COMPILATION_CONDITIONS = DEBUG;
				SWIFT_OPTIMIZATION_LEVEL = "-Onone";
				TARGETED_DEVICE_FAMILY = "1,2";
			};
			name = Debug;
		};
		E52C60EC1EA9908D0029D64F /* Release */ = {
			isa = XCBuildConfiguration;
			buildSettings = {
				ALWAYS_SEARCH_USER_PATHS = NO;
				CLANG_ANALYZER_NONNULL = YES;
				CLANG_ANALYZER_NUMBER_OBJECT_CONVERSION = YES_AGGRESSIVE;
				CLANG_CXX_LANGUAGE_STANDARD = "gnu++0x";
				CLANG_CXX_LIBRARY = "libc++";
				CLANG_ENABLE_MODULES = YES;
				CLANG_ENABLE_OBJC_ARC = YES;
				CLANG_WARN_BOOL_CONVERSION = YES;
				CLANG_WARN_CONSTANT_CONVERSION = YES;
				CLANG_WARN_DIRECT_OBJC_ISA_USAGE = YES_ERROR;
				CLANG_WARN_DOCUMENTATION_COMMENTS = YES;
				CLANG_WARN_EMPTY_BODY = YES;
				CLANG_WARN_ENUM_CONVERSION = YES;
				CLANG_WARN_INFINITE_RECURSION = YES;
				CLANG_WARN_INT_CONVERSION = YES;
				CLANG_WARN_OBJC_ROOT_CLASS = YES_ERROR;
				CLANG_WARN_SUSPICIOUS_MOVE = YES;
				CLANG_WARN_UNREACHABLE_CODE = YES;
				CLANG_WARN__DUPLICATE_METHOD_MATCH = YES;
				"CODE_SIGN_IDENTITY[sdk=iphoneos*]" = "iPhone Developer";
				COPY_PHASE_STRIP = NO;
				DEBUG_INFORMATION_FORMAT = "dwarf-with-dsym";
				ENABLE_NS_ASSERTIONS = NO;
				ENABLE_STRICT_OBJC_MSGSEND = YES;
				GCC_C_LANGUAGE_STANDARD = gnu99;
				GCC_NO_COMMON_BLOCKS = YES;
				GCC_WARN_64_TO_32_BIT_CONVERSION = YES;
				GCC_WARN_ABOUT_RETURN_TYPE = YES_ERROR;
				GCC_WARN_UNDECLARED_SELECTOR = YES;
				GCC_WARN_UNINITIALIZED_AUTOS = YES_AGGRESSIVE;
				GCC_WARN_UNUSED_FUNCTION = YES;
				GCC_WARN_UNUSED_VARIABLE = YES;
				IPHONEOS_DEPLOYMENT_TARGET = 10.3;
				MTL_ENABLE_DEBUG_INFO = NO;
				SDKROOT = iphoneos;
				SWIFT_OPTIMIZATION_LEVEL = "-Owholemodule";
				TARGETED_DEVICE_FAMILY = "1,2";
				VALIDATE_PRODUCT = YES;
			};
			name = Release;
		};
		E52C60EE1EA9908D0029D64F /* Debug */ = {
			isa = XCBuildConfiguration;
			baseConfigurationReference = 01C03297F72D810513E20186 /* Pods-TiffinService.debug.xcconfig */;
			buildSettings = {
				ASSETCATALOG_COMPILER_APPICON_NAME = AppIcon;
				INFOPLIST_FILE = TiffinService/Info.plist;
				LD_RUNPATH_SEARCH_PATHS = "$(inherited) @executable_path/Frameworks";
				PRODUCT_BUNDLE_IDENTIFIER = com.ghutles.TiffinService;
				PRODUCT_NAME = "$(TARGET_NAME)";
				SWIFT_VERSION = 3.0;
			};
			name = Debug;
		};
		E52C60EF1EA9908D0029D64F /* Release */ = {
			isa = XCBuildConfiguration;
			baseConfigurationReference = 908F39AA6ED68C95442A30BA /* Pods-TiffinService.release.xcconfig */;
			buildSettings = {
				ASSETCATALOG_COMPILER_APPICON_NAME = AppIcon;
				INFOPLIST_FILE = TiffinService/Info.plist;
				LD_RUNPATH_SEARCH_PATHS = "$(inherited) @executable_path/Frameworks";
				PRODUCT_BUNDLE_IDENTIFIER = com.ghutles.TiffinService;
				PRODUCT_NAME = "$(TARGET_NAME)";
				SWIFT_VERSION = 3.0;
			};
			name = Release;
		};
/* End XCBuildConfiguration section */

/* Begin XCConfigurationList section */
		E52C60D61EA9908D0029D64F /* Build configuration list for PBXProject "TiffinService" */ = {
			isa = XCConfigurationList;
			buildConfigurations = (
				E52C60EB1EA9908D0029D64F /* Debug */,
				E52C60EC1EA9908D0029D64F /* Release */,
			);
			defaultConfigurationIsVisible = 0;
			defaultConfigurationName = Release;
		};
		E52C60ED1EA9908D0029D64F /* Build configuration list for PBXNativeTarget "TiffinService" */ = {
			isa = XCConfigurationList;
			buildConfigurations = (
				E52C60EE1EA9908D0029D64F /* Debug */,
				E52C60EF1EA9908D0029D64F /* Release */,
			);
			defaultConfigurationIsVisible = 0;
			defaultConfigurationName = Release;
		};
/* End XCConfigurationList section */
	};
	rootObject = E52C60D31EA9908D0029D64F /* Project object */;
}
